# THIS IS AN AUTOGENERATED FILE. DO NOT EDIT THIS FILE DIRECTLY.
# yarn lockfile v1


"@babel/runtime@^7.14.6":
  version "7.14.6"
  resolved "https://registry.yarnpkg.com/@babel/runtime/-/runtime-7.14.6.tgz#535203bc0892efc7dec60bdc27b2ecf6e409062d"
  integrity sha512-/PCB2uJ7oM44tz8YhC4Z/6PeOKXp4K588f+5M3clr1M4zbqztlo0XEfJ2LEzj/FgwfgGcIdl8n7YYjTCI0BYwg==
  dependencies:
    regenerator-runtime "^0.13.4"

"@esbuild-plugins/node-resolve@^0.1.4":
  version "0.1.4"
  resolved "https://registry.yarnpkg.com/@esbuild-plugins/node-resolve/-/node-resolve-0.1.4.tgz#2257ef3b233c9cb3acd2ebde7d5a3d6874046d38"
  integrity sha512-haFQ0qhxEpqtWWY0kx1Y5oE3sMyO1PcoSiWEPrAw6tm/ZOOLXjSs6Q+v1v9eyuVF0nNt50YEvrcrvENmyoMv5g==
  dependencies:
    "@types/resolve" "^1.17.1"
    debug "^4.3.1"
    escape-string-regexp "^4.0.0"
    resolve "^1.19.0"

"@fal-works/esbuild-plugin-global-externals@^2.1.1":
  version "2.1.1"
  resolved "https://registry.yarnpkg.com/@fal-works/esbuild-plugin-global-externals/-/esbuild-plugin-global-externals-2.1.1.tgz#1cef79df7a897c98cdec9b8e72f89459c0f740e9"
  integrity sha512-SAv3TqnXXETaqUNp+3B5JHIgDSAWw74iXlnRHZ+me1vzkfjJnG88xOnhmXE0Q/9OBOJFSONYcIgox5YKcv9rcA==
  dependencies:
    esbuild "^0.8.40"

"@rollup/pluginutils@^4.0.0":
  version "4.1.0"
  resolved "https://registry.yarnpkg.com/@rollup/pluginutils/-/pluginutils-4.1.0.tgz#0dcc61c780e39257554feb7f77207dceca13c838"
  integrity sha512-TrBhfJkFxA+ER+ew2U2/fHbebhLT/l/2pRk0hfj9KusXUuRXd2v0R58AfaZK9VXDQ4TogOSEmICVrQAA3zFnHQ==
  dependencies:
    estree-walker "^2.0.1"
    picomatch "^2.2.2"

"@types/estree-jsx@^0.0.1":
  version "0.0.1"
  resolved "https://registry.yarnpkg.com/@types/estree-jsx/-/estree-jsx-0.0.1.tgz#c36d7a1afeb47a95a8ee0b7bc8bc705db38f919d"
  integrity sha512-gcLAYiMfQklDCPjQegGn0TBAn9it05ISEsEhlKQUddIk7o2XDokOcTN7HBO8tznM0D9dGezvHEfRZBfZf6me0A==
  dependencies:
    "@types/estree" "*"

"@types/estree@*":
  version "0.0.48"
  resolved "https://registry.yarnpkg.com/@types/estree/-/estree-0.0.48.tgz#18dc8091b285df90db2f25aa7d906cfc394b7f74"
  integrity sha512-LfZwXoGUDo0C3me81HXgkBg5CTQYb6xzEl+fNmbO4JdRiSKQ8A0GD1OBBvKAIsbCUgoyAty7m99GqqMQe784ew==

"@types/estree@^0.0.46":
  version "0.0.46"
  resolved "https://registry.yarnpkg.com/@types/estree/-/estree-0.0.46.tgz#0fb6bfbbeabd7a30880504993369c4bf1deab1fe"
  integrity sha512-laIjwTQaD+5DukBZaygQ79K1Z0jb1bPEMRrkXSLjtCcZm+abyp5YbrqpSLzD42FwWW6gK/aS4NYpJ804nG2brg==

"@types/hast@^2.0.0":
  version "2.3.1"
  resolved "https://registry.yarnpkg.com/@types/hast/-/hast-2.3.1.tgz#b16872f2a6144c7025f296fb9636a667ebb79cd9"
  integrity sha512-viwwrB+6xGzw+G1eWpF9geV3fnsDgXqHG+cqgiHrvQfDUW5hzhCyV7Sy3UJxhfRFBsgky2SSW33qi/YrIkjX5Q==
  dependencies:
    "@types/unist" "*"

"@types/loader-utils@^2.0.0":
  version "2.0.2"
  resolved "https://registry.yarnpkg.com/@types/loader-utils/-/loader-utils-2.0.2.tgz#2999dc2a3330b3ac0b2eaa9e01328b3484ef1112"
  integrity sha512-y3UaQ1rIkp2Nzv67Wa/MS7GJM958CDyWkMmnFneTRcWKlaSPreESrwruQ2WhEapQHCV6HJ2Pj62k0BB7mtQNHw==
  dependencies:
    "@types/node" "*"
    "@types/webpack" "^4"

"@types/mdast@^3.0.0":
  version "3.0.3"
  resolved "https://registry.yarnpkg.com/@types/mdast/-/mdast-3.0.3.tgz#2d7d671b1cd1ea3deb306ea75036c2a0407d2deb"
  integrity sha512-SXPBMnFVQg1s00dlMCc/jCdvPqdE4mXaMMCeRlxLDmTAEoegHT53xKtkDnzDTOcmMHUfcjyf36/YYZ6SxRdnsw==
  dependencies:
    "@types/unist" "*"

"@types/node@*":
  version "15.12.5"
  resolved "https://registry.yarnpkg.com/@types/node/-/node-15.12.5.tgz#9a78318a45d75c9523d2396131bd3cca54b2d185"
  integrity sha512-se3yX7UHv5Bscf8f1ERKvQOD6sTyycH3hdaoozvaLxgUiY5lIGEeH37AD0G0Qi9kPqihPn0HOfd2yaIEN9VwEg==

"@types/resolve@^1.17.1":
  version "1.20.0"
  resolved "https://registry.yarnpkg.com/@types/resolve/-/resolve-1.20.0.tgz#11325a379b6f63b858fed49552fd4178495ee087"
  integrity sha512-SFT3jdUNlLkjxUWwH/0QjLiEsV38hjdDX8oMcX9jZAD8KWNzRLdg6INZE7UMz9O86b2BOHzA3dR8nF+DbonX2Q==

"@types/source-list-map@*":
  version "0.1.2"
  resolved "https://registry.yarnpkg.com/@types/source-list-map/-/source-list-map-0.1.2.tgz#0078836063ffaf17412349bba364087e0ac02ec9"
  integrity sha512-K5K+yml8LTo9bWJI/rECfIPrGgxdpeNbj+d53lwN4QjW1MCwlkhUms+gtdzigTeUyBr09+u8BwOIY3MXvHdcsA==

"@types/source-map@^0.5.0":
  version "0.5.7"
  resolved "https://registry.yarnpkg.com/@types/source-map/-/source-map-0.5.7.tgz#165eeb583c1ef00196fe4ef4da5d7832b03b275b"
  integrity sha512-LrnsgZIfJaysFkv9rRJp4/uAyqw87oVed3s1hhF83nwbo9c7MG9g5DqR0seHP+lkX4ldmMrVolPjQSe2ZfD0yA==
  dependencies:
    source-map "*"

"@types/tapable@^1":
  version "1.0.7"
  resolved "https://registry.yarnpkg.com/@types/tapable/-/tapable-1.0.7.tgz#545158342f949e8fd3bfd813224971ecddc3fac4"
  integrity sha512-0VBprVqfgFD7Ehb2vd8Lh9TG3jP98gvr8rgehQqzztZNI7o8zS8Ad4jyZneKELphpuE212D8J70LnSNQSyO6bQ==

"@types/uglify-js@*":
  version "3.13.0"
  resolved "https://registry.yarnpkg.com/@types/uglify-js/-/uglify-js-3.13.0.tgz#1cad8df1fb0b143c5aba08de5712ea9d1ff71124"
  integrity sha512-EGkrJD5Uy+Pg0NUR8uA4bJ5WMfljyad0G+784vLCNUkD+QwOJXUbBYExXfVGf7YtyzdQp3L/XMYcliB987kL5Q==
  dependencies:
    source-map "^0.6.1"

"@types/unist@*", "@types/unist@^2.0.0", "@types/unist@^2.0.2":
  version "2.0.3"
  resolved "https://registry.yarnpkg.com/@types/unist/-/unist-2.0.3.tgz#9c088679876f374eb5983f150d4787aa6fb32d7e"
  integrity sha512-FvUupuM3rlRsRtCN+fDudtmytGO6iHJuuRKS1Ss0pG5z8oX0diNEw94UEL7hgDbpN94rgaK5R7sWm6RrSkZuAQ==

"@types/webpack-sources@*":
  version "2.1.0"
  resolved "https://registry.yarnpkg.com/@types/webpack-sources/-/webpack-sources-2.1.0.tgz#8882b0bd62d1e0ce62f183d0d01b72e6e82e8c10"
  integrity sha512-LXn/oYIpBeucgP1EIJbKQ2/4ZmpvRl+dlrFdX7+94SKRUV3Evy3FsfMZY318vGhkWUS5MPhtOM3w1/hCOAOXcg==
  dependencies:
    "@types/node" "*"
    "@types/source-list-map" "*"
    source-map "^0.7.3"

"@types/webpack@^4":
  version "4.41.29"
  resolved "https://registry.yarnpkg.com/@types/webpack/-/webpack-4.41.29.tgz#2e66c1de8223c440366469415c50a47d97625773"
  integrity sha512-6pLaORaVNZxiB3FSHbyBiWM7QdazAWda1zvAq4SbZObZqHSDbWLi62iFdblVea6SK9eyBIVp5yHhKt/yNQdR7Q==
  dependencies:
    "@types/node" "*"
    "@types/tapable" "^1"
    "@types/uglify-js" "*"
    "@types/webpack-sources" "*"
    anymatch "^3.0.0"
    source-map "^0.6.0"

acorn-jsx@^5.0.0:
  version "5.3.1"
  resolved "https://registry.yarnpkg.com/acorn-jsx/-/acorn-jsx-5.3.1.tgz#fc8661e11b7ac1539c47dbfea2e72b3af34d267b"
  integrity sha512-K0Ptm/47OKfQRpNQ2J/oIN/3QYiK6FwW+eJbILhsdxh2WTLdl+30o8aGdTbm5JbffpFFAg/g+zi1E+jvJha5ng==

acorn@^8.0.0:
  version "8.4.1"
  resolved "https://registry.yarnpkg.com/acorn/-/acorn-8.4.1.tgz#56c36251fc7cabc7096adc18f05afe814321a28c"
  integrity sha512-asabaBSkEKosYKMITunzX177CXxQ4Q8BSSzMTKD+FefUhipQC70gfW5SiUDhYQ3vk8G+81HqQk7Fv9OXwwn9KA==

anymatch@^3.0.0:
  version "3.1.2"
  resolved "https://registry.yarnpkg.com/anymatch/-/anymatch-3.1.2.tgz#c0557c096af32f106198f4f4e2a383537e378716"
  integrity sha512-P43ePfOAIupkguHUycrc4qJ9kz8ZiuOUijaETwX7THt0Y/GNK7v0aa8rY816xWjZ7rJdA5XdMcpVFTKMq+RvWg==
  dependencies:
    normalize-path "^3.0.0"
    picomatch "^2.0.4"

argparse@^1.0.7:
  version "1.0.10"
  resolved "https://registry.yarnpkg.com/argparse/-/argparse-1.0.10.tgz#bcd6791ea5ae09725e17e5ad988134cd40b3d911"
  integrity sha512-o5Roy6tNG4SL/FOkCAN6RzjiakZS25RLYFrcMttJqbdd8BWrnA+fGz57iN5Pb06pvBGvl5gQ0B48dJlslXvoTg==
  dependencies:
    sprintf-js "~1.0.2"

argparse@^2.0.1:
  version "2.0.1"
  resolved "https://registry.yarnpkg.com/argparse/-/argparse-2.0.1.tgz#246f50f3ca78a3240f6c997e8a9bd1eac49e4b38"
  integrity sha512-8+9WqebbFzpX9OR+Wa6O29asIogeRMzcGtAINdpMHHyAg10f05aSFVBbcEqGf/PXw1EjAZ+q2/bEBg3DvurK3Q==

astring@^1.6.0:
  version "1.7.5"
  resolved "https://registry.yarnpkg.com/astring/-/astring-1.7.5.tgz#a7d47fceaf32b052d33a3d07c511efeec67447ca"
  integrity sha512-lobf6RWXb8c4uZ7Mdq0U12efYmpD1UFnyOWVJPTa3ukqZrMopav+2hdNu0hgBF0JIBFK9QgrBDfwYvh3DFJDAA==

bail@^1.0.0:
  version "1.0.5"
  resolved "https://registry.yarnpkg.com/bail/-/bail-1.0.5.tgz#b6fa133404a392cbc1f8c4bf63f5953351e7a776"
  integrity sha512-xFbRxM1tahm08yHBP16MMjVUAvDaBMD38zsM9EMAUN61omwLmKlOpB/Zku5QkjZ8TZ4vn53pj+t518cH0S03RQ==

big.js@^5.2.2:
  version "5.2.2"
  resolved "https://registry.yarnpkg.com/big.js/-/big.js-5.2.2.tgz#65f0af382f578bcdc742bd9c281e9cb2d7768328"
  integrity sha512-vyL2OymJxmarO8gxMr0mhChsO9QGwhynfuu4+MHTAW6czfq9humCB7rKpUjDd9YUiDPU4mzpyupFSvOClAwbmQ==

bindings@^1.5.0:
  version "1.5.0"
  resolved "https://registry.yarnpkg.com/bindings/-/bindings-1.5.0.tgz#10353c9e945334bc0511a6d90b38fbc7c9c504df"
  integrity sha512-p2q/t/mhvuOj/UeLlV6566GD/guowlr0hHxClI0W9m7MWYkL1F0hLo+0Aexs9HSPCtR1SXQ0TD3MMKrXZajbiQ==
  dependencies:
    file-uri-to-path "1.0.0"

character-entities-html4@^1.0.0:
  version "1.1.4"
  resolved "https://registry.yarnpkg.com/character-entities-html4/-/character-entities-html4-1.1.4.tgz#0e64b0a3753ddbf1fdc044c5fd01d0199a02e125"
  integrity sha512-HRcDxZuZqMx3/a+qrzxdBKBPUpxWEq9xw2OPZ3a/174ihfrQKVsFhqtthBInFy1zZ9GgZyFXOatNujm8M+El3g==

character-entities-legacy@^1.0.0:
  version "1.1.4"
  resolved "https://registry.yarnpkg.com/character-entities-legacy/-/character-entities-legacy-1.1.4.tgz#94bc1845dce70a5bb9d2ecc748725661293d8fc1"
  integrity sha512-3Xnr+7ZFS1uxeiUDvV02wQ+QDbc55o97tIV5zHScSPJpcLm/r0DFPcoY3tYRp+VZukxuMeKgXYmsXQHO05zQeA==

character-entities@^1.0.0:
  version "1.2.4"
  resolved "https://registry.yarnpkg.com/character-entities/-/character-entities-1.2.4.tgz#e12c3939b7eaf4e5b15e7ad4c5e28e1d48c5b16b"
  integrity sha512-iBMyeEHxfVnIakwOuDXpVkc54HijNgCyQB2w0VfGQThle6NXn50zU6V/u+LDhxHcDUPojn6Kpga3PTAD8W1bQw==

character-reference-invalid@^1.0.0:
  version "1.1.4"
  resolved "https://registry.yarnpkg.com/character-reference-invalid/-/character-reference-invalid-1.1.4.tgz#083329cda0eae272ab3dbbf37e9a382c13af1560"
  integrity sha512-mKKUkUbhPpQlCOfIuZkvSEgktjPFIsZKRRbC6KWVEMvlzblj3i3asQv5ODsrwt0N3pHAEvjP8KTQPHkp0+6jOg==

comma-separated-tokens@^2.0.0:
  version "2.0.2"
  resolved "https://registry.yarnpkg.com/comma-separated-tokens/-/comma-separated-tokens-2.0.2.tgz#d4c25abb679b7751c880be623c1179780fe1dd98"
  integrity sha512-G5yTt3KQN4Yn7Yk4ed73hlZ1evrFKXeUW3086p3PRFNp7m2vIjI6Pg+Kgb+oyzhd9F2qdcoj67+y3SdxL5XWsg==

deasync@^0.1.0:
  version "0.1.21"
  resolved "https://registry.yarnpkg.com/deasync/-/deasync-0.1.21.tgz#bb11eabd4466c0d8776f0d82deb8a6126460d30f"
  integrity sha512-kUmM8Y+PZpMpQ+B4AuOW9k2Pfx/mSupJtxOsLzmnHY2WqZUYRFccFn2RhzPAqt3Xb+sorK/badW2D4zNzqZz5w==
  dependencies:
    bindings "^1.5.0"
    node-addon-api "^1.7.1"

debug@^4.0.0, debug@^4.3.1:
  version "4.3.1"
  resolved "https://registry.yarnpkg.com/debug/-/debug-4.3.1.tgz#f0d229c505e0c6d8c49ac553d1b13dc183f6b2ee"
  integrity sha512-doEwdvm4PCeK4K3RQN2ZC2BYUBaxwLARCqZmMjtF8a51J2Rb0xpVloFRnCODwqjpwnAoao4pelN8l3RJdv3gRQ==
  dependencies:
    ms "2.1.2"

emojis-list@^3.0.0:
  version "3.0.0"
  resolved "https://registry.yarnpkg.com/emojis-list/-/emojis-list-3.0.0.tgz#5570662046ad29e2e916e71aae260abdff4f6a78"
  integrity sha512-/kyM18EfinwXZbno9FyUGeFh87KC8HRQBQGildHZbEuRyWFOmv1U10o9BBp8XVZDVNNuQKyIGIu5ZYAAXJ0V2Q==

esbuild@^0.12.11, esbuild@^0.12.13:
  version "0.12.13"
  resolved "https://registry.yarnpkg.com/esbuild/-/esbuild-0.12.13.tgz#666e1e6c50dbde40c02824cc60296574ebd588c5"
  integrity sha512-fnKinmXcW1DMYnf1Ol3ZO0yU7dBDCuPcE4XDwceIy2zqTvB4G0NfonqgdvPMJi/IXRoVi/w9r9O5xxg/SqiAxA==

esbuild@^0.8.40:
  version "0.8.57"
  resolved "https://registry.yarnpkg.com/esbuild/-/esbuild-0.8.57.tgz#a42d02bc2b57c70bcd0ef897fe244766bb6dd926"
  integrity sha512-j02SFrUwFTRUqiY0Kjplwjm1psuzO1d6AjaXKuOR9hrY0HuPsT6sV42B6myW34h1q4CRy+Y3g4RU/cGJeI/nNA==

escape-string-regexp@^4.0.0:
  version "4.0.0"
  resolved "https://registry.yarnpkg.com/escape-string-regexp/-/escape-string-regexp-4.0.0.tgz#14ba83a5d373e3d311e5afca29cf5bfad965bf34"
  integrity sha512-TtpcNJ3XAzx3Gq8sWRzJaVajRs0uVxA2YAkdb1jm2YkPz4G6egUFAyA3n5vtEIZefPk5Wa4UXbKuS5fKkJWdgA==

esprima@^4.0.0:
  version "4.0.1"
  resolved "https://registry.yarnpkg.com/esprima/-/esprima-4.0.1.tgz#13b04cdb3e6c5d19df91ab6987a8695619b0aa71"
  integrity sha512-eGuFFw7Upda+g4p+QHvnW0RyTX/SVeJBDM/gCtMARO0cLuT2HcEKnTPvhjV6aGeqrCB/sbNop0Kszm0jsaWU4A==

estree-util-attach-comments@^2.0.0:
  version "2.0.0"
  resolved "https://registry.yarnpkg.com/estree-util-attach-comments/-/estree-util-attach-comments-2.0.0.tgz#2c06d484dfcf841b5946bcb84d5412cbcd544e22"
  integrity sha512-kT9YVRvlt2ewPp9BazfIIgXMGsXOEpOm57bK8aa4F3eOEndMml2JAETjWaG3SZYHmC6axSNIzHGY718dYwIuVg==
  dependencies:
    "@types/estree" "^0.0.46"

estree-util-build-jsx@^2.0.0:
  version "2.0.0"
  resolved "https://registry.yarnpkg.com/estree-util-build-jsx/-/estree-util-build-jsx-2.0.0.tgz#4903e2a923ebc791f86e78ec3687d01715dec902"
  integrity sha512-d49hPGqBCJF/bF06g1Ywg7zjH1mrrUdPPrixBlKBxcX4WvMYlUUJ8BkrwlzWc8/fm6XqGgk5jilhgeZBDEGwOQ==
  dependencies:
    "@types/estree-jsx" "^0.0.1"
    estree-util-is-identifier-name "^2.0.0"
    estree-walker "^3.0.0"

estree-util-is-identifier-name@^1.0.0, estree-util-is-identifier-name@^1.1.0:
  version "1.1.0"
  resolved "https://registry.yarnpkg.com/estree-util-is-identifier-name/-/estree-util-is-identifier-name-1.1.0.tgz#2e3488ea06d9ea2face116058864f6370b37456d"
  integrity sha512-OVJZ3fGGt9By77Ix9NhaRbzfbDV/2rx9EP7YIDJTmsZSEc5kYn2vWcNccYyahJL2uAQZK2a5Or2i0wtIKTPoRQ==

estree-util-is-identifier-name@^2.0.0:
  version "2.0.0"
  resolved "https://registry.yarnpkg.com/estree-util-is-identifier-name/-/estree-util-is-identifier-name-2.0.0.tgz#e2d3d2ae3032c017b2112832bfc5d8ba938c8010"
  integrity sha512-aXXZFVMnBBDRP81vS4YtAYJ0hUkgEsXea7lNKWCOeaAquGb1Jm2rcONPB5fpzwgbNxulTvrWuKnp9UElUGAKeQ==

estree-util-value-to-estree@^1.0.0:
  version "1.2.0"
  resolved "https://registry.yarnpkg.com/estree-util-value-to-estree/-/estree-util-value-to-estree-1.2.0.tgz#5ee543913e07f3e5395a59cb42011133ef008215"
  integrity sha512-qx6I+bwblFkY0vuQS4TDMRrKv2ArO5PwBTwXL/LswrSH12gywpCmXe6zwnCMhy43tuCr1MbHp9gbPPnVTiPEZA==
  dependencies:
    is-plain-obj "^3.0.0"

estree-walker@^2.0.1:
  version "2.0.2"
  resolved "https://registry.yarnpkg.com/estree-walker/-/estree-walker-2.0.2.tgz#52f010178c2a4c117a7757cfe942adb7d2da4cac"
  integrity sha512-Rfkk/Mp/DL7JVje3u18FxFujQlTNR2q6QfMSMB7AvCBx91NGj/ba3kCfza0f6dVDbw7YlRf/nDrn7pQrCCyQ/w==

estree-walker@^3.0.0:
  version "3.0.0"
  resolved "https://registry.yarnpkg.com/estree-walker/-/estree-walker-3.0.0.tgz#ca4b284de9dffb255288c76a44870b360faf14f9"
  integrity sha512-s6ceX0NFiU/vKPiKvFdR83U1Zffu7upwZsGwpoqfg5rbbq1l50WQ5hCeIvM6E6oD4shUHCYMsiFPns4Jk0YfMQ==

extend-shallow@^2.0.1:
  version "2.0.1"
  resolved "https://registry.yarnpkg.com/extend-shallow/-/extend-shallow-2.0.1.tgz#51af7d614ad9a9f610ea1bafbb989d6b1c56890f"
  integrity sha1-Ua99YUrZqfYQ6huvu5idaxxWiQ8=
  dependencies:
    is-extendable "^0.1.0"

extend@^3.0.0:
  version "3.0.2"
  resolved "https://registry.yarnpkg.com/extend/-/extend-3.0.2.tgz#f8b1136b4071fbd8eb140aff858b1019ec2915fa"
  integrity sha512-fjquC59cD7CyW6urNXK0FBufkZcoiGG80wTuPujX590cB5Ttln20E2UB4S/WARVqhXffZl2LNgS+gQdPIIim/g==

fault@^1.0.0:
  version "1.0.4"
  resolved "https://registry.yarnpkg.com/fault/-/fault-1.0.4.tgz#eafcfc0a6d214fc94601e170df29954a4f842f13"
  integrity sha512-CJ0HCB5tL5fYTEA7ToAq5+kTwd++Borf1/bifxd9iT70QcXr4MRrO3Llf8Ifs70q+SJcGHFtnIE/Nw6giCtECA==
  dependencies:
    format "^0.2.0"

file-uri-to-path@1.0.0:
  version "1.0.0"
  resolved "https://registry.yarnpkg.com/file-uri-to-path/-/file-uri-to-path-1.0.0.tgz#553a7b8446ff6f684359c445f1e37a05dacc33dd"
  integrity sha512-0Zt+s3L7Vf1biwWZ29aARiVYLx7iMGnEUl9x33fbB/j3jR81u/O2LbqK+Bm1CDSNDKVtJ/YjwY7TUd5SkeLQLw==

format@^0.2.0:
  version "0.2.2"
  resolved "https://registry.yarnpkg.com/format/-/format-0.2.2.tgz#d6170107e9efdc4ed30c9dc39016df942b5cb58b"
  integrity sha1-1hcBB+nv3E7TDJ3DkBbflCtctYs=

function-bind@^1.1.1:
  version "1.1.1"
  resolved "https://registry.yarnpkg.com/function-bind/-/function-bind-1.1.1.tgz#a56899d3ea3c9bab874bb9773b7c5ede92f4895d"
  integrity sha512-yIovAzMX49sF8Yl58fSCWJ5svSLuaibPxXQJFLmBObTuCr0Mf1KiPopGM9NiFjiYBCbfaa2Fh6breQ6ANVTI0A==

gray-matter@^4.0.3:
  version "4.0.3"
  resolved "https://registry.yarnpkg.com/gray-matter/-/gray-matter-4.0.3.tgz#e893c064825de73ea1f5f7d88c7a9f7274288798"
  integrity sha512-5v6yZd4JK3eMI3FqqCouswVqwugaA9r4dNZB1wwcmrD02QkV5H0y7XBQW8QwQqEaZY1pM9aqORSORhJRdNK44Q==
  dependencies:
    js-yaml "^3.13.1"
    kind-of "^6.0.2"
    section-matter "^1.0.0"
    strip-bom-string "^1.0.0"

has@^1.0.3:
  version "1.0.3"
  resolved "https://registry.yarnpkg.com/has/-/has-1.0.3.tgz#722d7cbfc1f6aa8241f16dd814e011e1f41e8796"
  integrity sha512-f2dvO0VU6Oej7RkWJGrehjbzMAjFp5/VKPp5tTpWIV4JHHZK1/BxbFRtf/siA2SWTe09caDmVtYYzWEIbBS4zw==
  dependencies:
    function-bind "^1.1.1"

hast-util-to-estree@^2.0.0:
  version "2.0.0"
  resolved "https://registry.yarnpkg.com/hast-util-to-estree/-/hast-util-to-estree-2.0.0.tgz#27f68728c6411f6345b8a3d1cf0065806feb451d"
  integrity sha512-eqc7B513sHmadiTbgXqjD+WAJ9LC5YcInyH4LPtwt75huq6j5lmoHnI0ICElJHfZRIIwdzKYNw8Ygl1BGTwm4g==
  dependencies:
    "@types/estree-jsx" "^0.0.1"
    "@types/hast" "^2.0.0"
    "@types/unist" "^2.0.0"
    comma-separated-tokens "^2.0.0"
    estree-util-attach-comments "^2.0.0"
    estree-util-is-identifier-name "^2.0.0"
    hast-util-whitespace "^2.0.0"
    property-information "^6.0.0"
    space-separated-tokens "^2.0.0"
    style-to-object "^0.3.0"
    unist-util-position "^4.0.0"
    zwitch "^2.0.0"

hast-util-whitespace@^2.0.0:
  version "2.0.0"
  resolved "https://registry.yarnpkg.com/hast-util-whitespace/-/hast-util-whitespace-2.0.0.tgz#4fc1086467cc1ef5ba20673cb6b03cec3a970f1c"
  integrity sha512-Pkw+xBHuV6xFeJprJe2BBEoDV+AvQySaz3pPDRUs5PNZEMQjpXJJueqrpcHIXxnWTcAGi/UOCgVShlkY6kLoqg==

inline-style-parser@0.1.1:
  version "0.1.1"
  resolved "https://registry.yarnpkg.com/inline-style-parser/-/inline-style-parser-0.1.1.tgz#ec8a3b429274e9c0a1f1c4ffa9453a7fef72cea1"
  integrity sha512-7NXolsK4CAS5+xvdj5OMMbI962hU/wvwoxk+LWR9Ek9bVtyuuYScDN6eS0rUm6TxApFpw7CX1o4uJzcd4AyD3Q==

is-alphabetical@^1.0.0:
  version "1.0.4"
  resolved "https://registry.yarnpkg.com/is-alphabetical/-/is-alphabetical-1.0.4.tgz#9e7d6b94916be22153745d184c298cbf986a686d"
  integrity sha512-DwzsA04LQ10FHTZuL0/grVDk4rFoVH1pjAToYwBrHSxcrBIGQuXrQMtD5U1b0U2XVgKZCTLLP8u2Qxqhy3l2Vg==

is-alphanumerical@^1.0.0:
  version "1.0.4"
  resolved "https://registry.yarnpkg.com/is-alphanumerical/-/is-alphanumerical-1.0.4.tgz#7eb9a2431f855f6b1ef1a78e326df515696c4dbf"
  integrity sha512-UzoZUr+XfVz3t3v4KyGEniVL9BDRoQtY7tOyrRybkVNjDFWyo1yhXNGrrBTQxp3ib9BLAWs7k2YKBQsFRkZG9A==
  dependencies:
    is-alphabetical "^1.0.0"
    is-decimal "^1.0.0"

is-buffer@^2.0.0:
  version "2.0.5"
  resolved "https://registry.yarnpkg.com/is-buffer/-/is-buffer-2.0.5.tgz#ebc252e400d22ff8d77fa09888821a24a658c191"
  integrity sha512-i2R6zNFDwgEHJyQUtJEk0XFi1i0dPFn/oqjK3/vPCcDeJvW5NQ83V8QbicfF1SupOaB0h8ntgBC2YiE7dfyctQ==

is-core-module@^2.2.0:
  version "2.4.0"
  resolved "https://registry.yarnpkg.com/is-core-module/-/is-core-module-2.4.0.tgz#8e9fc8e15027b011418026e98f0e6f4d86305cc1"
  integrity sha512-6A2fkfq1rfeQZjxrZJGerpLCTHRNEBiSgnu0+obeJpEPZRUooHgsizvzv0ZjJwOz3iWIHdJtVWJ/tmPr3D21/A==
  dependencies:
    has "^1.0.3"

is-decimal@^1.0.0:
  version "1.0.4"
  resolved "https://registry.yarnpkg.com/is-decimal/-/is-decimal-1.0.4.tgz#65a3a5958a1c5b63a706e1b333d7cd9f630d3fa5"
  integrity sha512-RGdriMmQQvZ2aqaQq3awNA6dCGtKpiDFcOzrTWrDAT2MiWrKQVPmxLGHl7Y2nNu6led0kEyoX0enY0qXYsv9zw==

is-extendable@^0.1.0:
  version "0.1.1"
  resolved "https://registry.yarnpkg.com/is-extendable/-/is-extendable-0.1.1.tgz#62b110e289a471418e3ec36a617d472e301dfc89"
  integrity sha1-YrEQ4omkcUGOPsNqYX1HLjAd/Ik=

is-hexadecimal@^1.0.0:
  version "1.0.4"
  resolved "https://registry.yarnpkg.com/is-hexadecimal/-/is-hexadecimal-1.0.4.tgz#cc35c97588da4bd49a8eedd6bc4082d44dcb23a7"
  integrity sha512-gyPJuv83bHMpocVYoqof5VDiZveEoGoFL8m3BXNb2VW8Xs+rz9kqO8LOQ5DH6EsuvilT1ApazU0pyl+ytbPtlw==

is-plain-obj@^2.0.0:
  version "2.1.0"
  resolved "https://registry.yarnpkg.com/is-plain-obj/-/is-plain-obj-2.1.0.tgz#45e42e37fccf1f40da8e5f76ee21515840c09287"
  integrity sha512-YWnfyRwxL/+SsrWYfOpUtz5b3YD+nyfkHvjbcanzk8zgyO4ASD67uVMRt8k5bM4lLMDnXfriRhOpemw+NfT1eA==

is-plain-obj@^3.0.0:
  version "3.0.0"
  resolved "https://registry.yarnpkg.com/is-plain-obj/-/is-plain-obj-3.0.0.tgz#af6f2ea14ac5a646183a5bbdb5baabbc156ad9d7"
  integrity sha512-gwsOE28k+23GP1B6vFl1oVh/WOzmawBrKwo5Ev6wMKzPkaXaCDIQKzLnvsA42DRlbVTWorkgTKIviAKCWkfUwA==

is-reference@^1.1.4:
  version "1.2.1"
  resolved "https://registry.yarnpkg.com/is-reference/-/is-reference-1.2.1.tgz#8b2dac0b371f4bc994fdeaba9eb542d03002d0b7"
  integrity sha512-U82MsXXiFIrjCK4otLT+o2NA2Cd2g5MLoOVXUZjIOhLurrRxpEXzI8O0KZHr3IjLvlAH1kTPYSuqer5T9ZVBKQ==
  dependencies:
    "@types/estree" "*"

"js-tokens@^3.0.0 || ^4.0.0":
  version "4.0.0"
  resolved "https://registry.yarnpkg.com/js-tokens/-/js-tokens-4.0.0.tgz#19203fb59991df98e3a287050d4647cdeaf32499"
  integrity sha512-RdJUflcE3cUzKiMqQgsCu06FPu9UdIJO0beYbPhHN4k6apgJtifcoCtT9bcxOpYBtpD2kCM6Sbzg4CausW/PKQ==

js-yaml@^3.13.1:
  version "3.14.1"
  resolved "https://registry.yarnpkg.com/js-yaml/-/js-yaml-3.14.1.tgz#dae812fdb3825fa306609a8717383c50c36a0537"
  integrity sha512-okMH7OXXJ7YrN9Ok3/SXrnu4iX9yOk+25nqX4imS2npuvTYDmo/QEZoqwZkYaIDk3jVvBOTOIEgEhaLOynBS9g==
  dependencies:
    argparse "^1.0.7"
    esprima "^4.0.0"

js-yaml@^4.0.0:
  version "4.1.0"
  resolved "https://registry.yarnpkg.com/js-yaml/-/js-yaml-4.1.0.tgz#c1fb65f8f5017901cdd2c951864ba18458a10602"
  integrity sha512-wpxZs9NoxZaJESJGIZTyDEaYpl0FKSA+FB9aJiyemKhMwkxQg63h4T1KJgUGHpTqPDNRcmmYLugrRjJlBtWvRA==
  dependencies:
    argparse "^2.0.1"

json5@^2.1.2:
  version "2.2.0"
  resolved "https://registry.yarnpkg.com/json5/-/json5-2.2.0.tgz#2dfefe720c6ba525d9ebd909950f0515316c89a3"
  integrity sha512-f+8cldu7X/y7RAJurMEJmdoKXGB/X550w2Nr3tTbezL6RwEE/iMcm+tZnXeoZtKuOq6ft8+CqzEkrIgx1fPoQA==
  dependencies:
    minimist "^1.2.5"

kind-of@^6.0.0, kind-of@^6.0.2:
  version "6.0.3"
  resolved "https://registry.yarnpkg.com/kind-of/-/kind-of-6.0.3.tgz#07c05034a6c349fa06e24fa35aa76db4580ce4dd"
  integrity sha512-dcS1ul+9tmeD95T+x28/ehLgd9mENa3LsvDTtzm3vyBEO7RPptvAD+t44WVXaUjTBRcrpFeFlC8WCruUR456hw==

loader-utils@^2.0.0:
  version "2.0.0"
  resolved "https://registry.yarnpkg.com/loader-utils/-/loader-utils-2.0.0.tgz#e4cace5b816d425a166b5f097e10cd12b36064b0"
  integrity sha512-rP4F0h2RaWSvPEkD7BLDFQnvSf+nK+wr3ESUjNTyAGobqrijmW92zc+SO6d4p4B1wh7+B/Jg1mkQe5NYUEHtHQ==
  dependencies:
    big.js "^5.2.2"
    emojis-list "^3.0.0"
    json5 "^2.1.2"

longest-streak@^2.0.0:
  version "2.0.4"
  resolved "https://registry.yarnpkg.com/longest-streak/-/longest-streak-2.0.4.tgz#b8599957da5b5dab64dee3fe316fa774597d90e4"
  integrity sha512-vM6rUVCVUJJt33bnmHiZEvr7wPT78ztX7rojL+LW51bHtLh6HTjx84LA5W4+oa6aKEJA7jJu5LR6vQRBpA5DVg==

loose-envify@^1.1.0:
  version "1.4.0"
  resolved "https://registry.yarnpkg.com/loose-envify/-/loose-envify-1.4.0.tgz#71ee51fa7be4caec1a63839f7e682d8132d30caf"
  integrity sha512-lyuxPGr/Wfhrlem2CL/UcnUc1zcqKAImBDzukY7Y5F/yQiNdko6+fRLevlw1HgMySw7f611UIY408EtxRSoK3Q==
  dependencies:
    js-tokens "^3.0.0 || ^4.0.0"

markdown-extensions@^1.0.0:
  version "1.1.1"
  resolved "https://registry.yarnpkg.com/markdown-extensions/-/markdown-extensions-1.1.1.tgz#fea03b539faeaee9b4ef02a3769b455b189f7fc3"
  integrity sha512-WWC0ZuMzCyDHYCasEGs4IPvLyTGftYwh6wIEOULOF0HXcqZlhwRzrK0w2VUlxWA98xnvb/jszw4ZSkJ6ADpM6Q==

mdast-util-definitions@^4.0.0:
  version "4.0.0"
  resolved "https://registry.yarnpkg.com/mdast-util-definitions/-/mdast-util-definitions-4.0.0.tgz#c5c1a84db799173b4dcf7643cda999e440c24db2"
  integrity sha512-k8AJ6aNnUkB7IE+5azR9h81O5EQ/cTDXtWdMq9Kk5KcEW/8ritU5CeLg/9HhOC++nALHBlaogJ5jz0Ybk3kPMQ==
  dependencies:
    unist-util-visit "^2.0.0"

mdast-util-from-markdown@^0.8.0:
  version "0.8.5"
  resolved "https://registry.yarnpkg.com/mdast-util-from-markdown/-/mdast-util-from-markdown-0.8.5.tgz#d1ef2ca42bc377ecb0463a987910dae89bd9a28c"
  integrity sha512-2hkTXtYYnr+NubD/g6KGBS/0mFmBcifAsI0yIWRiRo0PjVs6SSOSOdtzbp6kSGnShDN6G5aWZpKQ2lWRy27mWQ==
  dependencies:
    "@types/mdast" "^3.0.0"
    mdast-util-to-string "^2.0.0"
    micromark "~2.11.0"
    parse-entities "^2.0.0"
    unist-util-stringify-position "^2.0.0"

mdast-util-frontmatter@^0.2.0:
  version "0.2.0"
  resolved "https://registry.yarnpkg.com/mdast-util-frontmatter/-/mdast-util-frontmatter-0.2.0.tgz#8bd5cd55e236c03e204a036f7372ebe9e6748240"
  integrity sha512-FHKL4w4S5fdt1KjJCwB0178WJ0evnyyQr5kXTM3wrOVpytD0hrkvd+AOOjU9Td8onOejCkmZ+HQRT3CZ3coHHQ==
  dependencies:
    micromark-extension-frontmatter "^0.2.0"

mdast-util-mdx-expression@~0.1.0:
  version "0.1.1"
  resolved "https://registry.yarnpkg.com/mdast-util-mdx-expression/-/mdast-util-mdx-expression-0.1.1.tgz#fa1a04a5ea6777b0e8db6c120adf03088595df95"
  integrity sha512-SoO8y1B9NjMOYlNdwXMchuTVvqSTlUmXm1P5QvZNPv7OH7aa8qJV+3aA+vl1DHK9Vk1uZAlgwokjvDQhS6bINA==
  dependencies:
    strip-indent "^3.0.0"

mdast-util-mdx-jsx@~0.1.0:
  version "0.1.4"
  resolved "https://registry.yarnpkg.com/mdast-util-mdx-jsx/-/mdast-util-mdx-jsx-0.1.4.tgz#868371b90b17337b4f072a07021f7ce19612cf34"
  integrity sha512-67KOAvCmypBSpr+AJEAVQg1Obig5Wnguo4ETTxASe5WVP4TLt57bZjDX/9EW5sWYQsO4gPqLxkUOlypVn5rkhg==
  dependencies:
    mdast-util-to-markdown "^0.6.0"
    parse-entities "^2.0.0"
    stringify-entities "^3.1.0"
    unist-util-remove-position "^3.0.0"
    unist-util-stringify-position "^2.0.0"
    vfile-message "^2.0.0"

mdast-util-mdx@^0.1.0:
  version "0.1.1"
  resolved "https://registry.yarnpkg.com/mdast-util-mdx/-/mdast-util-mdx-0.1.1.tgz#16acbc6cabe33f4cebeb63fa9cf8be5da1d56fbf"
  integrity sha512-9nncdnHNYSb4HNxY3AwE6gU632jhbXsDGXe9PkkJoEawYWJ8tTwmEOHGlGa2TCRidtkd6FF5I8ogDU9pTDlQyA==
  dependencies:
    mdast-util-mdx-expression "~0.1.0"
    mdast-util-mdx-jsx "~0.1.0"
    mdast-util-mdxjs-esm "~0.1.0"
    mdast-util-to-markdown "^0.6.1"

mdast-util-mdxjs-esm@~0.1.0:
  version "0.1.1"
  resolved "https://registry.yarnpkg.com/mdast-util-mdxjs-esm/-/mdast-util-mdxjs-esm-0.1.1.tgz#69134a0dad71a59a9e0e9cfdc0633dde31dff69a"
  integrity sha512-kBiYeashz+nuhfv+712nc4THQhzXIH2gBFUDbuLxuDCqU/fZeg+9FAcdRBx9E13dkpk1p2Xwufzs3wsGJ+mISQ==

mdast-util-to-hast@^10.2.0:
  version "10.2.0"
  resolved "https://registry.yarnpkg.com/mdast-util-to-hast/-/mdast-util-to-hast-10.2.0.tgz#61875526a017d8857b71abc9333942700b2d3604"
  integrity sha512-JoPBfJ3gBnHZ18icCwHR50orC9kNH81tiR1gs01D8Q5YpV6adHNO9nKNuFBCJQ941/32PT1a63UF/DitmS3amQ==
  dependencies:
    "@types/mdast" "^3.0.0"
    "@types/unist" "^2.0.0"
    mdast-util-definitions "^4.0.0"
    mdurl "^1.0.0"
    unist-builder "^2.0.0"
    unist-util-generated "^1.0.0"
    unist-util-position "^3.0.0"
    unist-util-visit "^2.0.0"

mdast-util-to-markdown@^0.6.0, mdast-util-to-markdown@^0.6.1:
  version "0.6.5"
  resolved "https://registry.yarnpkg.com/mdast-util-to-markdown/-/mdast-util-to-markdown-0.6.5.tgz#b33f67ca820d69e6cc527a93d4039249b504bebe"
  integrity sha512-XeV9sDE7ZlOQvs45C9UKMtfTcctcaj/pGwH8YLbMHoMOXNNCn2LsqVQOqrF1+/NU8lKDAqozme9SCXWyo9oAcQ==
  dependencies:
    "@types/unist" "^2.0.0"
    longest-streak "^2.0.0"
    mdast-util-to-string "^2.0.0"
    parse-entities "^2.0.0"
    repeat-string "^1.0.0"
    zwitch "^1.0.0"

mdast-util-to-string@^2.0.0:
  version "2.0.0"
  resolved "https://registry.yarnpkg.com/mdast-util-to-string/-/mdast-util-to-string-2.0.0.tgz#b8cfe6a713e1091cb5b728fc48885a4767f8b97b"
  integrity sha512-AW4DRS3QbBayY/jJmD8437V1Gombjf8RSOUCMFBuo5iHi58AGEgVCKQ+ezHkZZDpAQS75hcBMpLqjpJTjtUL7w==

mdurl@^1.0.0:
  version "1.0.1"
  resolved "https://registry.yarnpkg.com/mdurl/-/mdurl-1.0.1.tgz#fe85b2ec75a59037f2adfec100fd6c601761152e"
  integrity sha1-/oWy7HWlkDfyrf7BAP1sYBdhFS4=

mdx-bundler@^4.1.1:
  version "4.1.1"
  resolved "https://registry.yarnpkg.com/mdx-bundler/-/mdx-bundler-4.1.1.tgz#b6ee88330e57edc999a94344516acc7a34a49f15"
  integrity sha512-+IN0LxAwxY3L/4q3FW722A+TLSuX7Dl1k75nnPXr5JlmEii5nBvjky3Cag8c8ouVo8txjQzF8lhD0OVEoPQ37w==
  dependencies:
    "@babel/runtime" "^7.14.6"
    "@esbuild-plugins/node-resolve" "^0.1.4"
    "@fal-works/esbuild-plugin-global-externals" "^2.1.1"
    esbuild "^0.12.11"
    gray-matter "^4.0.3"
    remark-frontmatter "^3.0.0"
    remark-mdx-frontmatter "^1.0.1"
    xdm "^1.11.1"

micromark-extension-frontmatter@^0.2.0:
  version "0.2.2"
  resolved "https://registry.yarnpkg.com/micromark-extension-frontmatter/-/micromark-extension-frontmatter-0.2.2.tgz#61b8e92e9213e1d3c13f5a59e7862f5ca98dfa53"
  integrity sha512-q6nPLFCMTLtfsctAuS0Xh4vaolxSFUWUWR6PZSrXXiRy+SANGllpcqdXFv2z07l0Xz/6Hl40hK0ffNCJPH2n1A==
  dependencies:
    fault "^1.0.0"

micromark-extension-mdx-expression@^0.3.0, micromark-extension-mdx-expression@^0.3.2, micromark-extension-mdx-expression@~0.3.0:
  version "0.3.2"
  resolved "https://registry.yarnpkg.com/micromark-extension-mdx-expression/-/micromark-extension-mdx-expression-0.3.2.tgz#827592af50116110dc9ee27201a73c037e61aa27"
  integrity sha512-Sh8YHLSAlbm/7TZkVKEC4wDcJE8XhVpZ9hUXBue1TcAicrrzs/oXu7PHH3NcyMemjGyMkiVS34Y0AHC5KG3y4A==
  dependencies:
    micromark "~2.11.0"
    vfile-message "^2.0.0"

micromark-extension-mdx-jsx@~0.3.0:
  version "0.3.3"
  resolved "https://registry.yarnpkg.com/micromark-extension-mdx-jsx/-/micromark-extension-mdx-jsx-0.3.3.tgz#68e8e700f2860e32e96ff48e44afb7465d462e21"
  integrity sha512-kG3VwaJlzAPdtIVDznfDfBfNGMTIzsHqKpTmMlew/iPnUCDRNkX+48ElpaOzXAtK5axtpFKE3Hu3VBriZDnRTQ==
  dependencies:
    estree-util-is-identifier-name "^1.0.0"
    micromark "~2.11.0"
    micromark-extension-mdx-expression "^0.3.2"
    vfile-message "^2.0.0"

micromark-extension-mdx-md@~0.1.0:
  version "0.1.1"
  resolved "https://registry.yarnpkg.com/micromark-extension-mdx-md/-/micromark-extension-mdx-md-0.1.1.tgz#277b4e82ada37bfdf222f6c3530e20563d73e064"
  integrity sha512-emlFQEyfx/2aPhwyEqeNDfKE6jPH1cvLTb5ANRo4qZBjaUObnzjLRdzK8RJ4Xc8+/dOmKN8TTRxFnOYF5/EAwQ==

micromark-extension-mdxjs-esm@~0.3.0:
  version "0.3.1"
  resolved "https://registry.yarnpkg.com/micromark-extension-mdxjs-esm/-/micromark-extension-mdxjs-esm-0.3.1.tgz#40a710fe145b381e39a2930db2813f3efaa014ac"
  integrity sha512-tuLgcELrgY1a5tPxjk+MrI3BdYtwW67UaHZdzKiDYD8loNbxwIscfdagI6A2BKuAkrfeyHF6FW3B8KuDK3ZMXw==
  dependencies:
    micromark "~2.11.0"
    micromark-extension-mdx-expression "^0.3.0"
    vfile-message "^2.0.0"

micromark-extension-mdxjs@^0.3.0:
  version "0.3.0"
  resolved "https://registry.yarnpkg.com/micromark-extension-mdxjs/-/micromark-extension-mdxjs-0.3.0.tgz#35ecebaf14b8377b6046b659780fd3111196eccd"
  integrity sha512-NQuiYA0lw+eFDtSG4+c7ao3RG9dM4P0Kx/sn8OLyPhxtIc6k+9n14k5VfLxRKfAxYRTo8c5PLZPaRNmslGWxJw==
  dependencies:
    acorn "^8.0.0"
    acorn-jsx "^5.0.0"
    micromark "~2.11.0"
    micromark-extension-mdx-expression "~0.3.0"
    micromark-extension-mdx-jsx "~0.3.0"
    micromark-extension-mdx-md "~0.1.0"
    micromark-extension-mdxjs-esm "~0.3.0"

micromark@~2.11.0:
  version "2.11.4"
  resolved "https://registry.yarnpkg.com/micromark/-/micromark-2.11.4.tgz#d13436138eea826383e822449c9a5c50ee44665a"
  integrity sha512-+WoovN/ppKolQOFIAajxi7Lu9kInbPxFuTBVEavFcL8eAfVstoc5MocPmqBeAdBOJV00uaVjegzH4+MA0DN/uA==
  dependencies:
    debug "^4.0.0"
    parse-entities "^2.0.0"

min-indent@^1.0.0:
  version "1.0.1"
  resolved "https://registry.yarnpkg.com/min-indent/-/min-indent-1.0.1.tgz#a63f681673b30571fbe8bc25686ae746eefa9869"
  integrity sha512-I9jwMn07Sy/IwOj3zVkVik2JTvgpaykDZEigL6Rx6N9LbMywwUSMtxET+7lVoDLLd3O3IXwJwvuuns8UB/HeAg==

minimist@^1.2.5:
  version "1.2.5"
  resolved "https://registry.yarnpkg.com/minimist/-/minimist-1.2.5.tgz#67d66014b66a6a8aaa0c083c5fd58df4e4e97602"
  integrity sha512-FM9nNUYrRBAELZQT3xeZQ7fmMOBg6nWNmJKTcgsJeaLstP/UODVpGsr5OhXhhXg6f+qtJ8uiZ+PUxkDWcgIXLw==

ms@2.1.2:
  version "2.1.2"
  resolved "https://registry.yarnpkg.com/ms/-/ms-2.1.2.tgz#d09d1f357b443f493382a8eb3ccd183872ae6009"
  integrity sha512-sGkPx+VjMtmA6MX27oA4FBFELFCZZ4S4XqeGOXCv68tT+jb3vk/RyaKWP0PTKyWtmLSM0b+adUTEvbs1PEaH2w==

node-addon-api@^1.7.1:
  version "1.7.2"
  resolved "https://registry.yarnpkg.com/node-addon-api/-/node-addon-api-1.7.2.tgz#3df30b95720b53c24e59948b49532b662444f54d"
  integrity sha512-ibPK3iA+vaY1eEjESkQkM0BbCqFOaZMiXRTtdB0u7b4djtY6JnsjvPdUHVMg6xQt3B8fpTTWHI9A+ADjM9frzg==

normalize-path@^3.0.0:
  version "3.0.0"
  resolved "https://registry.yarnpkg.com/normalize-path/-/normalize-path-3.0.0.tgz#0dcd69ff23a1c9b11fd0978316644a0388216a65"
  integrity sha512-6eZs5Ls3WtCisHWp9S2GUy8dqkpGi4BVSz3GaqiE6ezub0512ESztXUwUB6C6IKbQkY2Pnb/mD4WYojCRwcwLA==

object-assign@^4.1.1:
  version "4.1.1"
  resolved "https://registry.yarnpkg.com/object-assign/-/object-assign-4.1.1.tgz#2109adc7965887cfc05cbbd442cac8bfbb360863"
  integrity sha1-IQmtx5ZYh8/AXLvUQsrIv7s2CGM=

parse-entities@^2.0.0:
  version "2.0.0"
  resolved "https://registry.yarnpkg.com/parse-entities/-/parse-entities-2.0.0.tgz#53c6eb5b9314a1f4ec99fa0fdf7ce01ecda0cbe8"
  integrity sha512-kkywGpCcRYhqQIchaWqZ875wzpS/bMKhz5HnN3p7wveJTkTtyAB/AlnS0f8DFSqYW1T82t6yEAkEcB+A1I3MbQ==
  dependencies:
    character-entities "^1.0.0"
    character-entities-legacy "^1.0.0"
    character-reference-invalid "^1.0.0"
    is-alphanumerical "^1.0.0"
    is-decimal "^1.0.0"
    is-hexadecimal "^1.0.0"

path-parse@^1.0.6:
  version "1.0.7"
  resolved "https://registry.yarnpkg.com/path-parse/-/path-parse-1.0.7.tgz#fbc114b60ca42b30d9daf5858e4bd68bbedb6735"
  integrity sha512-LDJzPVEEEPR+y48z93A0Ed0yXb8pAByGWo/k5YYdYgpY2/2EsOsksJrq7lOHxryrVOn1ejG6oAp8ahvOIQD8sw==

periscopic@^3.0.0:
  version "3.0.2"
  resolved "https://registry.yarnpkg.com/periscopic/-/periscopic-3.0.2.tgz#f3a8965dc2cffec8e5bd22bb74f8b00404e39f3e"
  integrity sha512-tikfSnGDCk8Ch40MyW3bUi5wt/LoMSKyojv+8WkAyhmhao248H4h/zNzvABjibM/YXxQXJ54FHBgWlFjgt7JvQ==
  dependencies:
    estree-walker "^3.0.0"
    is-reference "^1.1.4"

picomatch@^2.0.4, picomatch@^2.2.2:
  version "2.3.0"
  resolved "https://registry.yarnpkg.com/picomatch/-/picomatch-2.3.0.tgz#f1f061de8f6a4bf022892e2d128234fb98302972"
  integrity sha512-lY1Q/PiJGC2zOv/z391WOTD+Z02bCgsFfvxoXXf6h7kv9o+WmsmzYqrAwY63sNgOxE4xEdq0WyUnXfKeBrSvYw==

property-information@^6.0.0:
  version "6.0.1"
  resolved "https://registry.yarnpkg.com/property-information/-/property-information-6.0.1.tgz#7c668d9f2b9cb63bc3e105d8b8dfee7221a17800"
  integrity sha512-F4WUUAF7fMeF4/JUFHNBWDaKDXi2jbvqBW/y6o5wsf3j19wTZ7S60TmtB5HoBhtgw7NKQRMWuz5vk2PR0CygUg==

react-dom@^17.0.2:
  version "17.0.2"
  resolved "https://registry.yarnpkg.com/react-dom/-/react-dom-17.0.2.tgz#ecffb6845e3ad8dbfcdc498f0d0a939736502c23"
  integrity sha512-s4h96KtLDUQlsENhMn1ar8t2bEa+q/YAtj8pPPdIjPDGBDIVNsrD9aXNWqspUe6AzKCIG0C1HZZLqLV7qpOBGA==
  dependencies:
    loose-envify "^1.1.0"
    object-assign "^4.1.1"
    scheduler "^0.20.2"

react@^17.0.2:
  version "17.0.2"
  resolved "https://registry.yarnpkg.com/react/-/react-17.0.2.tgz#d0b5cc516d29eb3eee383f75b62864cfb6800037"
  integrity sha512-gnhPt75i/dq/z3/6q/0asP78D0u592D5L1pd7M8P+dck6Fu/jJeL6iVVK23fptSUZj8Vjf++7wXA8UNclGQcbA==
  dependencies:
    loose-envify "^1.1.0"
    object-assign "^4.1.1"

regenerator-runtime@^0.13.4:
  version "0.13.7"
  resolved "https://registry.yarnpkg.com/regenerator-runtime/-/regenerator-runtime-0.13.7.tgz#cac2dacc8a1ea675feaabaeb8ae833898ae46f55"
  integrity sha512-a54FxoJDIr27pgf7IgeQGxmqUNYrcV338lf/6gH456HZ/PhX+5BcwHXG9ajESmwe6WRO0tAzRUrRmNONWgkrew==

remark-frontmatter@^3.0.0:
  version "3.0.0"
  resolved "https://registry.yarnpkg.com/remark-frontmatter/-/remark-frontmatter-3.0.0.tgz#ca5d996361765c859bd944505f377d6b186a6ec6"
  integrity sha512-mSuDd3svCHs+2PyO29h7iijIZx4plX0fheacJcAoYAASfgzgVIcXGYSq9GFyYocFLftQs8IOmmkgtOovs6d4oA==
  dependencies:
    mdast-util-frontmatter "^0.2.0"
    micromark-extension-frontmatter "^0.2.0"

remark-mdx-frontmatter@^1.0.1:
  version "1.0.1"
  resolved "https://registry.yarnpkg.com/remark-mdx-frontmatter/-/remark-mdx-frontmatter-1.0.1.tgz#413b5b6f6bed48187c9e90dd39024773b09b124c"
  integrity sha512-ZT++VvsEsrdNdpWmaHvqb8P0U3Subr7ezB5spjMBETBrNOjfXx4LcFtbBojZEaJC1DwmoyFUpBF9Ady3qjbSEA==
  dependencies:
    estree-util-is-identifier-name "^1.1.0"
    estree-util-value-to-estree "^1.0.0"
    js-yaml "^4.0.0"
    toml "^3.0.0"
    unist-util-visit "^2.0.3"

remark-parse@^9.0.0:
  version "9.0.0"
  resolved "https://registry.yarnpkg.com/remark-parse/-/remark-parse-9.0.0.tgz#4d20a299665880e4f4af5d90b7c7b8a935853640"
  integrity sha512-geKatMwSzEXKHuzBNU1z676sGcDcFoChMK38TgdHJNAYfFtsfHDQG7MoJAjs6sgYMqyLduCYWDIWZIxiPeafEw==
  dependencies:
    mdast-util-from-markdown "^0.8.0"

remark-rehype@^8.1.0:
  version "8.1.0"
  resolved "https://registry.yarnpkg.com/remark-rehype/-/remark-rehype-8.1.0.tgz#610509a043484c1e697437fa5eb3fd992617c945"
  integrity sha512-EbCu9kHgAxKmW1yEYjx3QafMyGY3q8noUbNUI5xyKbaFP89wbhDrKxyIQNukNYthzjNHZu6J7hwFg7hRm1svYA==
  dependencies:
    mdast-util-to-hast "^10.2.0"

repeat-string@^1.0.0:
  version "1.6.1"
  resolved "https://registry.yarnpkg.com/repeat-string/-/repeat-string-1.6.1.tgz#8dcae470e1c88abc2d600fff4a776286da75e637"
  integrity sha1-jcrkcOHIirwtYA//Sndihtp15jc=

resolve@^1.19.0:
  version "1.20.0"
  resolved "https://registry.yarnpkg.com/resolve/-/resolve-1.20.0.tgz#629a013fb3f70755d6f0b7935cc1c2c5378b1975"
  integrity sha512-wENBPt4ySzg4ybFQW2TT1zMQucPK95HSh/nq2CFTZVOGut2+pQvSsgtda4d26YrYcr067wjbmzOG8byDPBX63A==
  dependencies:
    is-core-module "^2.2.0"
    path-parse "^1.0.6"

scheduler@^0.20.2:
  version "0.20.2"
  resolved "https://registry.yarnpkg.com/scheduler/-/scheduler-0.20.2.tgz#4baee39436e34aa93b4874bddcbf0fe8b8b50e91"
  integrity sha512-2eWfGgAqqWFGqtdMmcL5zCMK1U8KlXv8SQFGglL3CEtd0aDVDWgeF/YoCmvln55m5zSk3J/20hTaSBeSObsQDQ==
  dependencies:
    loose-envify "^1.1.0"
    object-assign "^4.1.1"

section-matter@^1.0.0:
  version "1.0.0"
  resolved "https://registry.yarnpkg.com/section-matter/-/section-matter-1.0.0.tgz#e9041953506780ec01d59f292a19c7b850b84167"
  integrity sha512-vfD3pmTzGpufjScBh50YHKzEu2lxBWhVEHsNGoEXmCmn2hKGfeNLYMzCJpe8cD7gqX7TJluOVpBkAequ6dgMmA==
  dependencies:
    extend-shallow "^2.0.1"
    kind-of "^6.0.0"

source-map@*, source-map@^0.7.3:
  version "0.7.3"
  resolved "https://registry.yarnpkg.com/source-map/-/source-map-0.7.3.tgz#5302f8169031735226544092e64981f751750383"
  integrity sha512-CkCj6giN3S+n9qrYiBTX5gystlENnRW5jZeNLHpe6aue+SrHcG5VYwujhW9s4dY31mEGsxBDrHR6oI69fTXsaQ==

source-map@^0.6.0, source-map@^0.6.1:
  version "0.6.1"
  resolved "https://registry.yarnpkg.com/source-map/-/source-map-0.6.1.tgz#74722af32e9614e9c287a8d0bbde48b5e2f1a263"
  integrity sha512-UjgapumWlbMhkBgzT7Ykc5YXUT46F0iKu8SGXq0bcwP5dz/h0Plj6enJqjz1Zbq2l5WaqYnrVbwWOWMyF3F47g==

space-separated-tokens@^2.0.0:
  version "2.0.1"
  resolved "https://registry.yarnpkg.com/space-separated-tokens/-/space-separated-tokens-2.0.1.tgz#43193cec4fb858a2ce934b7f98b7f2c18107098b"
  integrity sha512-ekwEbFp5aqSPKaqeY1PGrlGQxPNaq+Cnx4+bE2D8sciBQrHpbwoBbawqTN2+6jPs9IdWxxiUcN0K2pkczD3zmw==

sprintf-js@~1.0.2:
  version "1.0.3"
  resolved "https://registry.yarnpkg.com/sprintf-js/-/sprintf-js-1.0.3.tgz#04e6926f662895354f3dd015203633b857297e2c"
  integrity sha1-BOaSb2YolTVPPdAVIDYzuFcpfiw=

stringify-entities@^3.1.0:
  version "3.1.0"
  resolved "https://registry.yarnpkg.com/stringify-entities/-/stringify-entities-3.1.0.tgz#b8d3feac256d9ffcc9fa1fefdcf3ca70576ee903"
  integrity sha512-3FP+jGMmMV/ffZs86MoghGqAoqXAdxLrJP4GUdrDN1aIScYih5tuIO3eF4To5AJZ79KDZ8Fpdy7QJnK8SsL1Vg==
  dependencies:
    character-entities-html4 "^1.0.0"
    character-entities-legacy "^1.0.0"
    xtend "^4.0.0"

strip-bom-string@^1.0.0:
  version "1.0.0"
  resolved "https://registry.yarnpkg.com/strip-bom-string/-/strip-bom-string-1.0.0.tgz#e5211e9224369fbb81d633a2f00044dc8cedad92"
  integrity sha1-5SEekiQ2n7uB1jOi8ABE3IztrZI=

strip-indent@^3.0.0:
  version "3.0.0"
  resolved "https://registry.yarnpkg.com/strip-indent/-/strip-indent-3.0.0.tgz#c32e1cee940b6b3432c771bc2c54bcce73cd3001"
  integrity sha512-laJTa3Jb+VQpaC6DseHhF7dXVqHTfJPCRDaEbid/drOhgitgYku/letMUqOXFoWV0zIIUbjpdH2t+tYj4bQMRQ==
  dependencies:
    min-indent "^1.0.0"

style-to-object@^0.3.0:
  version "0.3.0"
  resolved "https://registry.yarnpkg.com/style-to-object/-/style-to-object-0.3.0.tgz#b1b790d205991cc783801967214979ee19a76e46"
  integrity sha512-CzFnRRXhzWIdItT3OmF8SQfWyahHhjq3HwcMNCNLn+N7klOOqPjMeG/4JSu77D7ypZdGvSzvkrbyeTMizz2VrA==
  dependencies:
    inline-style-parser "0.1.1"

toml@^3.0.0:
  version "3.0.0"
  resolved "https://registry.yarnpkg.com/toml/-/toml-3.0.0.tgz#342160f1af1904ec9d204d03a5d61222d762c5ee"
  integrity sha512-y/mWCZinnvxjTKYhJ+pYxwD0mRLVvOtdS2Awbgxln6iEnt4rk0yBxeSBHkGJcPucRiG0e55mwWp+g/05rsrd6w==

trough@^1.0.0:
  version "1.0.5"
  resolved "https://registry.yarnpkg.com/trough/-/trough-1.0.5.tgz#b8b639cefad7d0bb2abd37d433ff8293efa5f406"
  integrity sha512-rvuRbTarPXmMb79SmzEp8aqXNKcK+y0XaB298IXueQ8I2PsrATcPBCSPyK/dDNa2iWOhKlfNnOjdAOTBU/nkFA==

unified@^9.0.0:
  version "9.2.1"
  resolved "https://registry.yarnpkg.com/unified/-/unified-9.2.1.tgz#ae18d5674c114021bfdbdf73865ca60f410215a3"
  integrity sha512-juWjuI8Z4xFg8pJbnEZ41b5xjGUWGHqXALmBZ3FC3WX0PIx1CZBIIJ6mXbYMcf6Yw4Fi0rFUTA1cdz/BglbOhA==
  dependencies:
    bail "^1.0.0"
    extend "^3.0.0"
    is-buffer "^2.0.0"
    is-plain-obj "^2.0.0"
    trough "^1.0.0"
    vfile "^4.0.0"

unist-builder@^2.0.0:
  version "2.0.3"
  resolved "https://registry.yarnpkg.com/unist-builder/-/unist-builder-2.0.3.tgz#77648711b5d86af0942f334397a33c5e91516436"
  integrity sha512-f98yt5pnlMWlzP539tPc4grGMsFaQQlP/vM396b00jngsiINumNmsY8rkXjfoi1c6QaM8nQ3vaGDuoKWbe/1Uw==

unist-util-generated@^1.0.0:
  version "1.1.6"
  resolved "https://registry.yarnpkg.com/unist-util-generated/-/unist-util-generated-1.1.6.tgz#5ab51f689e2992a472beb1b35f2ce7ff2f324d4b"
  integrity sha512-cln2Mm1/CZzN5ttGK7vkoGw+RZ8VcUH6BtGbq98DDtRGquAAOXig1mrBQYelOwMXYS8rK+vZDyyojSjp7JX+Lg==

unist-util-is@^4.0.0:
  version "4.1.0"
  resolved "https://registry.yarnpkg.com/unist-util-is/-/unist-util-is-4.1.0.tgz#976e5f462a7a5de73d94b706bac1b90671b57797"
  integrity sha512-ZOQSsnce92GrxSqlnEEseX0gi7GH9zTJZ0p9dtu87WRb/37mMPO2Ilx1s/t9vBHrFhbgweUwb+t7cIn5dxPhZg==

unist-util-is@^5.0.0:
  version "5.1.0"
  resolved "https://registry.yarnpkg.com/unist-util-is/-/unist-util-is-5.1.0.tgz#93cab236c0d98e7c02265f6cfa3efe8b117a628c"
  integrity sha512-pWspZ+AvTqYbC+xWeRmzGqbcY8Na08Eowlfs2xchWTYot8vBBAq+syrE/LWS0bw1D/JOu4lwzDbEb6Mz13tK+g==

unist-util-position-from-estree@^1.0.0:
  version "1.1.0"
  resolved "https://registry.yarnpkg.com/unist-util-position-from-estree/-/unist-util-position-from-estree-1.1.0.tgz#31f5e0f771629ec718443765e10ea590231760c7"
  integrity sha512-FveBeLp2Oc5XTn8DCX++DB4ETP8BaiRl0DuVGdD8s5I+V/boj81rBm0pNdwAixXUtGvVdsinPOT+Thy2yFrMEA==
  dependencies:
    "@types/unist" "^2.0.0"

unist-util-position@^3.0.0:
  version "3.1.0"
  resolved "https://registry.yarnpkg.com/unist-util-position/-/unist-util-position-3.1.0.tgz#1c42ee6301f8d52f47d14f62bbdb796571fa2d47"
  integrity sha512-w+PkwCbYSFw8vpgWD0v7zRCl1FpY3fjDSQ3/N/wNd9Ffa4gPi8+4keqt99N3XW6F99t/mUzp2xAhNmfKWp95QA==

unist-util-position@^4.0.0:
  version "4.0.1"
  resolved "https://registry.yarnpkg.com/unist-util-position/-/unist-util-position-4.0.1.tgz#f8484b2da19a897a0180556d160c28633070dbb9"
  integrity sha512-mgy/zI9fQ2HlbOtTdr2w9lhVaiFUHWQnZrFF2EUoVOqtAUdzqMtNiD99qA5a1IcjWVR8O6aVYE9u7Z2z1v0SQA==

unist-util-remove-position@^3.0.0:
  version "3.0.0"
  resolved "https://registry.yarnpkg.com/unist-util-remove-position/-/unist-util-remove-position-3.0.0.tgz#4cd19e82c8e665f462b6acfcfd0a8353235a88e9"
  integrity sha512-17kIOuolVuK16LMb9KyMJlqdfCtlfQY5FjY3Sdo9iC7F5wqdXhNjMq0PBvMpkVNNnAmHxXssUW+rZ9T2zbP0Rg==
  dependencies:
    unist-util-visit "^2.0.0"

unist-util-stringify-position@^2.0.0:
  version "2.0.3"
  resolved "https://registry.yarnpkg.com/unist-util-stringify-position/-/unist-util-stringify-position-2.0.3.tgz#cce3bfa1cdf85ba7375d1d5b17bdc4cada9bd9da"
  integrity sha512-3faScn5I+hy9VleOq/qNbAd6pAx7iH5jYBMS9I1HgQVijz/4mv5Bvw5iw1sC/90CODiKo81G/ps8AJrISn687g==
  dependencies:
    "@types/unist" "^2.0.2"

unist-util-stringify-position@^3.0.0:
  version "3.0.0"
  resolved "https://registry.yarnpkg.com/unist-util-stringify-position/-/unist-util-stringify-position-3.0.0.tgz#d517d2883d74d0daa0b565adc3d10a02b4a8cde9"
  integrity sha512-SdfAl8fsDclywZpfMDTVDxA2V7LjtRDTOFd44wUJamgl6OlVngsqWjxvermMYf60elWHbxhuRCZml7AnuXCaSA==
  dependencies:
    "@types/unist" "^2.0.0"

unist-util-visit-parents@^3.0.0:
  version "3.1.1"
  resolved "https://registry.yarnpkg.com/unist-util-visit-parents/-/unist-util-visit-parents-3.1.1.tgz#65a6ce698f78a6b0f56aa0e88f13801886cdaef6"
  integrity sha512-1KROIZWo6bcMrZEwiH2UrXDyalAa0uqzWCxCJj6lPOvTve2WkfgCytoDTPaMnodXh1WrXOq0haVYHj99ynJlsg==
  dependencies:
    "@types/unist" "^2.0.0"
    unist-util-is "^4.0.0"

unist-util-visit-parents@^4.0.0:
  version "4.1.1"
  resolved "https://registry.yarnpkg.com/unist-util-visit-parents/-/unist-util-visit-parents-4.1.1.tgz#e83559a4ad7e6048a46b1bdb22614f2f3f4724f2"
  integrity sha512-1xAFJXAKpnnJl8G7K5KgU7FY55y3GcLIXqkzUj5QF/QVP7biUm0K0O2oqVkYsdjzJKifYeWn9+o6piAK2hGSHw==
  dependencies:
    "@types/unist" "^2.0.0"
    unist-util-is "^5.0.0"

unist-util-visit@^2.0.0, unist-util-visit@^2.0.3:
  version "2.0.3"
  resolved "https://registry.yarnpkg.com/unist-util-visit/-/unist-util-visit-2.0.3.tgz#c3703893146df47203bb8a9795af47d7b971208c"
  integrity sha512-iJ4/RczbJMkD0712mGktuGpm/U4By4FfDonL7N/9tATGIF4imikjOuagyMY53tnZq3NP6BcmlrHhEKAfGWjh7Q==
  dependencies:
    "@types/unist" "^2.0.0"
    unist-util-is "^4.0.0"
    unist-util-visit-parents "^3.0.0"

unist-util-visit@^3.0.0:
  version "3.1.0"
  resolved "https://registry.yarnpkg.com/unist-util-visit/-/unist-util-visit-3.1.0.tgz#9420d285e1aee938c7d9acbafc8e160186dbaf7b"
  integrity sha512-Szoh+R/Ll68QWAyQyZZpQzZQm2UPbxibDvaY8Xc9SUtYgPsDzx5AWSk++UUt2hJuow8mvwR+rG+LQLw+KsuAKA==
  dependencies:
    "@types/unist" "^2.0.0"
    unist-util-is "^5.0.0"
    unist-util-visit-parents "^4.0.0"

vfile-message@^2.0.0:
  version "2.0.4"
  resolved "https://registry.yarnpkg.com/vfile-message/-/vfile-message-2.0.4.tgz#5b43b88171d409eae58477d13f23dd41d52c371a"
  integrity sha512-DjssxRGkMvifUOJre00juHoP9DPWuzjxKuMDrhNbk2TdaYYBNMStsNhEOt3idrtI12VQYM/1+iM0KOzXi4pxwQ==
  dependencies:
    "@types/unist" "^2.0.0"
    unist-util-stringify-position "^2.0.0"

vfile@^4.0.0:
  version "4.2.1"
  resolved "https://registry.yarnpkg.com/vfile/-/vfile-4.2.1.tgz#03f1dce28fc625c625bc6514350fbdb00fa9e624"
  integrity sha512-O6AE4OskCG5S1emQ/4gl8zK586RqA3srz3nfK/Viy0UPToBc5Trp9BVFb1u0CjsKrAWwnpr4ifM/KBXPWwJbCA==
  dependencies:
    "@types/unist" "^2.0.0"
    is-buffer "^2.0.0"
    unist-util-stringify-position "^2.0.0"
    vfile-message "^2.0.0"

xdm@^1.11.1:
  version "1.11.1"
  resolved "https://registry.yarnpkg.com/xdm/-/xdm-1.11.1.tgz#9a30864635fff945bed88f232f7f5515b5e5aa42"
  integrity sha512-aC7Pau3BdeP5xxR0vA14vpHtVL4EFE8bjXX0DeNPdIKQ3GU71POFlCbptq6hF0U6OZpO+cdEQdbCL6KY+3COGg==
  dependencies:
    "@rollup/pluginutils" "^4.0.0"
    "@types/estree-jsx" "^0.0.1"
    "@types/loader-utils" "^2.0.0"
    "@types/source-map" "^0.5.0"
    astring "^1.6.0"
    estree-util-build-jsx "^2.0.0"
    estree-util-is-identifier-name "^2.0.0"
    estree-walker "^3.0.0"
    hast-util-to-estree "^2.0.0"
    loader-utils "^2.0.0"
    markdown-extensions "^1.0.0"
    mdast-util-mdx "^0.1.0"
    micromark-extension-mdxjs "^0.3.0"
    periscopic "^3.0.0"
    remark-parse "^9.0.0"
    remark-rehype "^8.1.0"
    unified "^9.0.0"
    unist-util-position-from-estree "^1.0.0"
    unist-util-stringify-position "^3.0.0"
    unist-util-visit "^3.0.0"
    vfile "^4.0.0"
  optionalDependencies:
    deasync "^0.1.0"

xtend@^4.0.0:
  version "4.0.2"
  resolved "https://registry.yarnpkg.com/xtend/-/xtend-4.0.2.tgz#bb72779f5fa465186b1f438f674fa347fdb5db54"
  integrity sha512-LKYU1iAXJXUgAXn9URjiu+MWhyUXHsvfp7mcuYm9dSUKK0/CjtrUwFAxD82/mCWbtLsGjFIad0wIsod4zrTAEQ==

zwitch@^1.0.0:
  version "1.0.5"
  resolved "https://registry.yarnpkg.com/zwitch/-/zwitch-1.0.5.tgz#d11d7381ffed16b742f6af7b3f223d5cd9fe9920"
  integrity sha512-V50KMwwzqJV0NpZIZFwfOD5/lyny3WlSzRiXgA0G7VUnRlqttta1L6UQIHzd6EuBY/cHGfwTIck7w1yH6Q5zUw==

zwitch@^2.0.0:
  version "2.0.2"
  resolved "https://registry.yarnpkg.com/zwitch/-/zwitch-2.0.2.tgz#91f8d0e901ffa3d66599756dde7f57b17c95dce1"
  integrity sha512-JZxotl7SxAJH0j7dN4pxsTV6ZLXoLdGME+PsjkL/DaBrVryK9kTGq06GfKrwcSOqypP+fdXGoCHE36b99fWVoA==
